Microsoft Visual Studio Solution File, Format Version 12.00
# Visual Studio Version 17
VisualStudioVersion = 17.5.2.0
MinimumVisualStudioVersion = 10.0.40219.1
Project("{FAE04EC0-301F-11D3-BF4B-00C04F79EFBC}") = "SegmentedControlTest", "SegmentedControlTest.csproj", "{EF1B3DD8-61AB-FE5B-FA81-C9E3E8ECFE9C}"
EndProject
Global
	GlobalSection(SolutionConfigurationPlatforms) = preSolution
		Debug|Any CPU = Debug|Any CPU
		Release|Any CPU = Release|Any CPU
	EndGlobalSection
	GlobalSection(ProjectConfigurationPlatforms) = postSolution
		{EF1B3DD8-61AB-FE5B-FA81-C9E3E8ECFE9C}.Debug|Any CPU.ActiveCfg = Debug|Any CPU
		{EF1B3DD8-61AB-FE5B-FA81-C9E3E8ECFE9C}.Debug|Any CPU.Build.0 = Debug|Any CPU
		{EF1B3DD8-61AB-FE5B-FA81-C9E3E8ECFE9C}.Release|Any CPU.ActiveCfg = Release|Any CPU
		{EF1B3DD8-61AB-FE5B-FA81-C9E3E8ECFE9C}.Release|Any CPU.Build.0 = Release|Any CPU
	EndGlobalSection
	GlobalSection(SolutionProperties) = preSolution
		HideSolutionNode = FALSE
	EndGlobalSection
	GlobalSection(ExtensibilityGlobals) = postSolution
		SolutionGuid = {3F5F9B57-03B0-4DB7-8AD7-531B7DB15D16}
	EndGlobalSection
EndGlobal
